
Microsoft Visual Studio Solution File, Format Version 12.00
# Visual Studio Version 17
VisualStudioVersion = 17.0.31903.59
MinimumVisualStudioVersion = 10.0.40219.1
Project("{2150E333-8FDC-42A3-9474-1A3956D46DE8}") = "src", "src", "{827E0CD3-B72D-47B6-A68D-7590B98EB39B}"
EndProject
Project("{FAE04EC0-301F-11D3-BF4B-00C04F79EFBC}") = "VMS.Shared", "src\VMS.Shared\VMS.Shared.csproj", "{A969FC32-49EB-4D73-BDA7-4169CA97FA4E}"
EndProject
Project("{FAE04EC0-301F-11D3-BF4B-00C04F79EFBC}") = "VMS.Modules.Auth", "src\VMS.Modules.Auth\VMS.Modules.Auth.csproj", "{09AFCFAB-CCDE-4573-A556-79D2B1689B8A}"
EndProject
Project("{FAE04EC0-301F-11D3-BF4B-00C04F79EFBC}") = "VMS.Modules.Tenancy", "src\VMS.Modules.Tenancy\VMS.Modules.Tenancy.csproj", "{429BF629-EB89-43F5-9449-E9B4868A9BCB}"
EndProject
Project("{FAE04EC0-301F-11D3-BF4B-00C04F79EFBC}") = "VMS.API", "src\VMS.API\VMS.API.csproj", "{01CA5410-3EE1-4087-BFF3-20FF01052E3B}"
EndProject
Project("{2150E333-8FDC-42A3-9474-1A3956D46DE8}") = "tests", "tests", "{0AB3BF05-4346-4AA6-1389-037BE0695223}"
EndProject
Project("{FAE04EC0-301F-11D3-BF4B-00C04F79EFBC}") = "VMS.Tests", "tests\VMS.Tests\VMS.Tests.csproj", "{E35632EF-14D7-4E32-8A55-D8C0E8B30AC3}"
EndProject
Project("{FAE04EC0-301F-11D3-BF4B-00C04F79EFBC}") = "VMS.Modules.Core", "src\VMS.Modules.Core\VMS.Modules.Core.csproj", "{A8F3FFB3-082B-4343-866E-97B8990ACD45}"
EndProject
Project("{FAE04EC0-301F-11D3-BF4B-00C04F79EFBC}") = "VMS.Modules.BusinessPartners", "src\VMS.Modules.BusinessPartners\VMS.Modules.BusinessPartners.csproj", "{A0BB6EC7-F831-47A0-AB97-EB3448BEEB84}"
EndProject
Project("{FAE04EC0-301F-11D3-BF4B-00C04F79EFBC}") = "VMS.Modules.Vehicles", "src\VMS.Modules.Vehicles\VMS.Modules.Vehicles.csproj", "{7C79C35F-37E3-4337-B8A8-B04782ADBA41}"
EndProject
Project("{FAE04EC0-301F-11D3-BF4B-00C04F79EFBC}") = "VMS.Modules.Documents", "src\VMS.Modules.Documents\VMS.Modules.Documents.csproj", "{780BA143-4D18-4F0A-AA20-13D989D5E812}"
EndProject
Project("{FAE04EC0-301F-11D3-BF4B-00C04F79EFBC}") = "VMS.Modules.Notifications", "src\VMS.Modules.Notifications\VMS.Modules.Notifications.csproj", "{562ADF23-533D-4136-9172-5D119125A8D7}"
EndProject
Global
	GlobalSection(SolutionConfigurationPlatforms) = preSolution
		Debug|Any CPU = Debug|Any CPU
		Debug|x64 = Debug|x64
		Debug|x86 = Debug|x86
		Release|Any CPU = Release|Any CPU
		Release|x64 = Release|x64
		Release|x86 = Release|x86
	EndGlobalSection
	GlobalSection(ProjectConfigurationPlatforms) = postSolution
		{A969FC32-49EB-4D73-BDA7-4169CA97FA4E}.Debug|Any CPU.ActiveCfg = Debug|Any CPU
		{A969FC32-49EB-4D73-BDA7-4169CA97FA4E}.Debug|Any CPU.Build.0 = Debug|Any CPU
		{A969FC32-49EB-4D73-BDA7-4169CA97FA4E}.Debug|x64.ActiveCfg = Debug|Any CPU
		{A969FC32-49EB-4D73-BDA7-4169CA97FA4E}.Debug|x64.Build.0 = Debug|Any CPU
		{A969FC32-49EB-4D73-BDA7-4169CA97FA4E}.Debug|x86.ActiveCfg = Debug|Any CPU
		{A969FC32-49EB-4D73-BDA7-4169CA97FA4E}.Debug|x86.Build.0 = Debug|Any CPU
		{A969FC32-49EB-4D73-BDA7-4169CA97FA4E}.Release|Any CPU.ActiveCfg = Release|Any CPU
		{A969FC32-49EB-4D73-BDA7-4169CA97FA4E}.Release|Any CPU.Build.0 = Release|Any CPU
		{A969FC32-49EB-4D73-BDA7-4169CA97FA4E}.Release|x64.ActiveCfg = Release|Any CPU
		{A969FC32-49EB-4D73-BDA7-4169CA97FA4E}.Release|x64.Build.0 = Release|Any CPU
		{A969FC32-49EB-4D73-BDA7-4169CA97FA4E}.Release|x86.ActiveCfg = Release|Any CPU
		{A969FC32-49EB-4D73-BDA7-4169CA97FA4E}.Release|x86.Build.0 = Release|Any CPU
		{09AFCFAB-CCDE-4573-A556-79D2B1689B8A}.Debug|Any CPU.ActiveCfg = Debug|Any CPU
		{09AFCFAB-CCDE-4573-A556-79D2B1689B8A}.Debug|Any CPU.Build.0 = Debug|Any CPU
		{09AFCFAB-CCDE-4573-A556-79D2B1689B8A}.Debug|x64.ActiveCfg = Debug|Any CPU
		{09AFCFAB-CCDE-4573-A556-79D2B1689B8A}.Debug|x64.Build.0 = Debug|Any CPU
		{09AFCFAB-CCDE-4573-A556-79D2B1689B8A}.Debug|x86.ActiveCfg = Debug|Any CPU
		{09AFCFAB-CCDE-4573-A556-79D2B1689B8A}.Debug|x86.Build.0 = Debug|Any CPU
		{09AFCFAB-CCDE-4573-A556-79D2B1689B8A}.Release|Any CPU.ActiveCfg = Release|Any CPU
		{09AFCFAB-CCDE-4573-A556-79D2B1689B8A}.Release|Any CPU.Build.0 = Release|Any CPU
		{09AFCFAB-CCDE-4573-A556-79D2B1689B8A}.Release|x64.ActiveCfg = Release|Any CPU
		{09AFCFAB-CCDE-4573-A556-79D2B1689B8A}.Release|x64.Build.0 = Release|Any CPU
		{09AFCFAB-CCDE-4573-A556-79D2B1689B8A}.Release|x86.ActiveCfg = Release|Any CPU
		{09AFCFAB-CCDE-4573-A556-79D2B1689B8A}.Release|x86.Build.0 = Release|Any CPU
		{429BF629-EB89-43F5-9449-E9B4868A9BCB}.Debug|Any CPU.ActiveCfg = Debug|Any CPU
		{429BF629-EB89-43F5-9449-E9B4868A9BCB}.Debug|Any CPU.Build.0 = Debug|Any CPU
		{429BF629-EB89-43F5-9449-E9B4868A9BCB}.Debug|x64.ActiveCfg = Debug|Any CPU
		{429BF629-EB89-43F5-9449-E9B4868A9BCB}.Debug|x64.Build.0 = Debug|Any CPU
		{429BF629-EB89-43F5-9449-E9B4868A9BCB}.Debug|x86.ActiveCfg = Debug|Any CPU
		{429BF629-EB89-43F5-9449-E9B4868A9BCB}.Debug|x86.Build.0 = Debug|Any CPU
		{429BF629-EB89-43F5-9449-E9B4868A9BCB}.Release|Any CPU.ActiveCfg = Release|Any CPU
		{429BF629-EB89-43F5-9449-E9B4868A9BCB}.Release|Any CPU.Build.0 = Release|Any CPU
		{429BF629-EB89-43F5-9449-E9B4868A9BCB}.Release|x64.ActiveCfg = Release|Any CPU
		{429BF629-EB89-43F5-9449-E9B4868A9BCB}.Release|x64.Build.0 = Release|Any CPU
		{429BF629-EB89-43F5-9449-E9B4868A9BCB}.Release|x86.ActiveCfg = Release|Any CPU
		{429BF629-EB89-43F5-9449-E9B4868A9BCB}.Release|x86.Build.0 = Release|Any CPU
		{01CA5410-3EE1-4087-BFF3-20FF01052E3B}.Debug|Any CPU.ActiveCfg = Debug|Any CPU
		{01CA5410-3EE1-4087-BFF3-20FF01052E3B}.Debug|Any CPU.Build.0 = Debug|Any CPU
		{01CA5410-3EE1-4087-BFF3-20FF01052E3B}.Debug|x64.ActiveCfg = Debug|Any CPU
		{01CA5410-3EE1-4087-BFF3-20FF01052E3B}.Debug|x64.Build.0 = Debug|Any CPU
		{01CA5410-3EE1-4087-BFF3-20FF01052E3B}.Debug|x86.ActiveCfg = Debug|Any CPU
		{01CA5410-3EE1-4087-BFF3-20FF01052E3B}.Debug|x86.Build.0 = Debug|Any CPU
		{01CA5410-3EE1-4087-BFF3-20FF01052E3B}.Release|Any CPU.ActiveCfg = Release|Any CPU
		{01CA5410-3EE1-4087-BFF3-20FF01052E3B}.Release|Any CPU.Build.0 = Release|Any CPU
		{01CA5410-3EE1-4087-BFF3-20FF01052E3B}.Release|x64.ActiveCfg = Release|Any CPU
		{01CA5410-3EE1-4087-BFF3-20FF01052E3B}.Release|x64.Build.0 = Release|Any CPU
		{01CA5410-3EE1-4087-BFF3-20FF01052E3B}.Release|x86.ActiveCfg = Release|Any CPU
		{01CA5410-3EE1-4087-BFF3-20FF01052E3B}.Release|x86.Build.0 = Release|Any CPU
		{E35632EF-14D7-4E32-8A55-D8C0E8B30AC3}.Debug|Any CPU.ActiveCfg = Debug|Any CPU
		{E35632EF-14D7-4E32-8A55-D8C0E8B30AC3}.Debug|Any CPU.Build.0 = Debug|Any CPU
		{E35632EF-14D7-4E32-8A55-D8C0E8B30AC3}.Debug|x64.ActiveCfg = Debug|Any CPU
		{E35632EF-14D7-4E32-8A55-D8C0E8B30AC3}.Debug|x64.Build.0 = Debug|Any CPU
		{E35632EF-14D7-4E32-8A55-D8C0E8B30AC3}.Debug|x86.ActiveCfg = Debug|Any CPU
		{E35632EF-14D7-4E32-8A55-D8C0E8B30AC3}.Debug|x86.Build.0 = Debug|Any CPU
		{E35632EF-14D7-4E32-8A55-D8C0E8B30AC3}.Release|Any CPU.ActiveCfg = Release|Any CPU
		{E35632EF-14D7-4E32-8A55-D8C0E8B30AC3}.Release|Any CPU.Build.0 = Release|Any CPU
		{E35632EF-14D7-4E32-8A55-D8C0E8B30AC3}.Release|x64.ActiveCfg = Release|Any CPU
		{E35632EF-14D7-4E32-8A55-D8C0E8B30AC3}.Release|x64.Build.0 = Release|Any CPU
		{E35632EF-14D7-4E32-8A55-D8C0E8B30AC3}.Release|x86.ActiveCfg = Release|Any CPU
		{E35632EF-14D7-4E32-8A55-D8C0E8B30AC3}.Release|x86.Build.0 = Release|Any CPU
		{A8F3FFB3-082B-4343-866E-97B8990ACD45}.Debug|Any CPU.ActiveCfg = Debug|Any CPU
		{A8F3FFB3-082B-4343-866E-97B8990ACD45}.Debug|Any CPU.Build.0 = Debug|Any CPU
		{A8F3FFB3-082B-4343-866E-97B8990ACD45}.Debug|x64.ActiveCfg = Debug|Any CPU
		{A8F3FFB3-082B-4343-866E-97B8990ACD45}.Debug|x64.Build.0 = Debug|Any CPU
		{A8F3FFB3-082B-4343-866E-97B8990ACD45}.Debug|x86.ActiveCfg = Debug|Any CPU
		{A8F3FFB3-082B-4343-866E-97B8990ACD45}.Debug|x86.Build.0 = Debug|Any CPU
		{A8F3FFB3-082B-4343-866E-97B8990ACD45}.Release|Any CPU.ActiveCfg = Release|Any CPU
		{A8F3FFB3-082B-4343-866E-97B8990ACD45}.Release|Any CPU.Build.0 = Release|Any CPU
		{A8F3FFB3-082B-4343-866E-97B8990ACD45}.Release|x64.ActiveCfg = Release|Any CPU
		{A8F3FFB3-082B-4343-866E-97B8990ACD45}.Release|x64.Build.0 = Release|Any CPU
		{A8F3FFB3-082B-4343-866E-97B8990ACD45}.Release|x86.ActiveCfg = Release|Any CPU
		{A8F3FFB3-082B-4343-866E-97B8990ACD45}.Release|x86.Build.0 = Release|Any CPU
		{A0BB6EC7-F831-47A0-AB97-EB3448BEEB84}.Debug|Any CPU.ActiveCfg = Debug|Any CPU
		{A0BB6EC7-F831-47A0-AB97-EB3448BEEB84}.Debug|Any CPU.Build.0 = Debug|Any CPU
		{A0BB6EC7-F831-47A0-AB97-EB3448BEEB84}.Debug|x64.ActiveCfg = Debug|Any CPU
		{A0BB6EC7-F831-47A0-AB97-EB3448BEEB84}.Debug|x64.Build.0 = Debug|Any CPU
		{A0BB6EC7-F831-47A0-AB97-EB3448BEEB84}.Debug|x86.ActiveCfg = Debug|Any CPU
		{A0BB6EC7-F831-47A0-AB97-EB3448BEEB84}.Debug|x86.Build.0 = Debug|Any CPU
		{A0BB6EC7-F831-47A0-AB97-EB3448BEEB84}.Release|Any CPU.ActiveCfg = Release|Any CPU
		{A0BB6EC7-F831-47A0-AB97-EB3448BEEB84}.Release|Any CPU.Build.0 = Release|Any CPU
		{A0BB6EC7-F831-47A0-AB97-EB3448BEEB84}.Release|x64.ActiveCfg = Release|Any CPU
		{A0BB6EC7-F831-47A0-AB97-EB3448BEEB84}.Release|x64.Build.0 = Release|Any CPU
		{A0BB6EC7-F831-47A0-AB97-EB3448BEEB84}.Release|x86.ActiveCfg = Release|Any CPU
		{A0BB6EC7-F831-47A0-AB97-EB3448BEEB84}.Release|x86.Build.0 = Release|Any CPU
		{7C79C35F-37E3-4337-B8A8-B04782ADBA41}.Debug|Any CPU.ActiveCfg = Debug|Any CPU
		{7C79C35F-37E3-4337-B8A8-B04782ADBA41}.Debug|Any CPU.Build.0 = Debug|Any CPU
		{7C79C35F-37E3-4337-B8A8-B04782ADBA41}.Debug|x64.ActiveCfg = Debug|Any CPU
		{7C79C35F-37E3-4337-B8A8-B04782ADBA41}.Debug|x64.Build.0 = Debug|Any CPU
		{7C79C35F-37E3-4337-B8A8-B04782ADBA41}.Debug|x86.ActiveCfg = Debug|Any CPU
		{7C79C35F-37E3-4337-B8A8-B04782ADBA41}.Debug|x86.Build.0 = Debug|Any CPU
		{7C79C35F-37E3-4337-B8A8-B04782ADBA41}.Release|Any CPU.ActiveCfg = Release|Any CPU
		{7C79C35F-37E3-4337-B8A8-B04782ADBA41}.Release|Any CPU.Build.0 = Release|Any CPU
		{7C79C35F-37E3-4337-B8A8-B04782ADBA41}.Release|x64.ActiveCfg = Release|Any CPU
		{7C79C35F-37E3-4337-B8A8-B04782ADBA41}.Release|x64.Build.0 = Release|Any CPU
		{7C79C35F-37E3-4337-B8A8-B04782ADBA41}.Release|x86.ActiveCfg = Release|Any CPU
		{7C79C35F-37E3-4337-B8A8-B04782ADBA41}.Release|x86.Build.0 = Release|Any CPU
		{780BA143-4D18-4F0A-AA20-13D989D5E812}.Debug|Any CPU.ActiveCfg = Debug|Any CPU
		{780BA143-4D18-4F0A-AA20-13D989D5E812}.Debug|Any CPU.Build.0 = Debug|Any CPU
		{780BA143-4D18-4F0A-AA20-13D989D5E812}.Debug|x64.ActiveCfg = Debug|Any CPU
		{780BA143-4D18-4F0A-AA20-13D989D5E812}.Debug|x64.Build.0 = Debug|Any CPU
		{780BA143-4D18-4F0A-AA20-13D989D5E812}.Debug|x86.ActiveCfg = Debug|Any CPU
		{780BA143-4D18-4F0A-AA20-13D989D5E812}.Debug|x86.Build.0 = Debug|Any CPU
		{780BA143-4D18-4F0A-AA20-13D989D5E812}.Release|Any CPU.ActiveCfg = Release|Any CPU
		{780BA143-4D18-4F0A-AA20-13D989D5E812}.Release|Any CPU.Build.0 = Release|Any CPU
		{780BA143-4D18-4F0A-AA20-13D989D5E812}.Release|x64.ActiveCfg = Release|Any CPU
		{780BA143-4D18-4F0A-AA20-13D989D5E812}.Release|x64.Build.0 = Release|Any CPU
		{780BA143-4D18-4F0A-AA20-13D989D5E812}.Release|x86.ActiveCfg = Release|Any CPU
		{780BA143-4D18-4F0A-AA20-13D989D5E812}.Release|x86.Build.0 = Release|Any CPU
		{562ADF23-533D-4136-9172-5D119125A8D7}.Debug|Any CPU.ActiveCfg = Debug|Any CPU
		{562ADF23-533D-4136-9172-5D119125A8D7}.Debug|Any CPU.Build.0 = Debug|Any CPU
		{562ADF23-533D-4136-9172-5D119125A8D7}.Debug|x64.ActiveCfg = Debug|Any CPU
		{562ADF23-533D-4136-9172-5D119125A8D7}.Debug|x64.Build.0 = Debug|Any CPU
		{562ADF23-533D-4136-9172-5D119125A8D7}.Debug|x86.ActiveCfg = Debug|Any CPU
		{562ADF23-533D-4136-9172-5D119125A8D7}.Debug|x86.Build.0 = Debug|Any CPU
		{562ADF23-533D-4136-9172-5D119125A8D7}.Release|Any CPU.ActiveCfg = Release|Any CPU
		{562ADF23-533D-4136-9172-5D119125A8D7}.Release|Any CPU.Build.0 = Release|Any CPU
		{562ADF23-533D-4136-9172-5D119125A8D7}.Release|x64.ActiveCfg = Release|Any CPU
		{562ADF23-533D-4136-9172-5D119125A8D7}.Release|x64.Build.0 = Release|Any CPU
		{562ADF23-533D-4136-9172-5D119125A8D7}.Release|x86.ActiveCfg = Release|Any CPU
		{562ADF23-533D-4136-9172-5D119125A8D7}.Release|x86.Build.0 = Release|Any CPU
	EndGlobalSection
	GlobalSection(SolutionProperties) = preSolution
		HideSolutionNode = FALSE
	EndGlobalSection
	GlobalSection(NestedProjects) = preSolution
		{A969FC32-49EB-4D73-BDA7-4169CA97FA4E} = {827E0CD3-B72D-47B6-A68D-7590B98EB39B}
		{09AFCFAB-CCDE-4573-A556-79D2B1689B8A} = {827E0CD3-B72D-47B6-A68D-7590B98EB39B}
		{429BF629-EB89-43F5-9449-E9B4868A9BCB} = {827E0CD3-B72D-47B6-A68D-7590B98EB39B}
		{01CA5410-3EE1-4087-BFF3-20FF01052E3B} = {827E0CD3-B72D-47B6-A68D-7590B98EB39B}
		{E35632EF-14D7-4E32-8A55-D8C0E8B30AC3} = {0AB3BF05-4346-4AA6-1389-037BE0695223}
		{A8F3FFB3-082B-4343-866E-97B8990ACD45} = {827E0CD3-B72D-47B6-A68D-7590B98EB39B}
		{A0BB6EC7-F831-47A0-AB97-EB3448BEEB84} = {827E0CD3-B72D-47B6-A68D-7590B98EB39B}
		{7C79C35F-37E3-4337-B8A8-B04782ADBA41} = {827E0CD3-B72D-47B6-A68D-7590B98EB39B}
		{780BA143-4D18-4F0A-AA20-13D989D5E812} = {827E0CD3-B72D-47B6-A68D-7590B98EB39B}
		{562ADF23-533D-4136-9172-5D119125A8D7} = {827E0CD3-B72D-47B6-A68D-7590B98EB39B}
	EndGlobalSection
EndGlobal
